
Microsoft Visual Studio Solution File, Format Version 12.00
# Visual Studio Version 16
VisualStudioVersion = 16.0.30717.126
MinimumVisualStudioVersion = 10.0.40219.1
Project("{9A19103F-16F7-4668-BE54-9A1E7A4F7556}") = "AutomatedFinances", "AutomatedFinances.csproj", "{AFD2D81C-6894-4E38-B7EC-866F7560D769}"
EndProject
Project("{9A19103F-16F7-4668-BE54-9A1E7A4F7556}") = "EmploymentLibrary", "..\EmploymentLibrary\EmploymentLibrary.csproj", "{29B7AA2C-7E72-4706-B5D2-532E91D45D4F}"
EndProject
Project("{9A19103F-16F7-4668-BE54-9A1E7A4F7556}") = "CommonLibrary", "..\CommonLibary\CommonLibrary.csproj", "{158B3E72-6A2B-4CA5-9C0E-FDF1FBC27A54}"
EndProject
Global
	GlobalSection(SolutionConfigurationPlatforms) = preSolution
		Debug|Any CPU = Debug|Any CPU
		Release|Any CPU = Release|Any CPU
	EndGlobalSection
	GlobalSection(ProjectConfigurationPlatforms) = postSolution
		{AFD2D81C-6894-4E38-B7EC-866F7560D769}.Debug|Any CPU.ActiveCfg = Debug|Any CPU
		{AFD2D81C-6894-4E38-B7EC-866F7560D769}.Debug|Any CPU.Build.0 = Debug|Any CPU
		{AFD2D81C-6894-4E38-B7EC-866F7560D769}.Release|Any CPU.ActiveCfg = Release|Any CPU
		{AFD2D81C-6894-4E38-B7EC-866F7560D769}.Release|Any CPU.Build.0 = Release|Any CPU
		{29B7AA2C-7E72-4706-B5D2-532E91D45D4F}.Debug|Any CPU.ActiveCfg = Debug|Any CPU
		{29B7AA2C-7E72-4706-B5D2-532E91D45D4F}.Debug|Any CPU.Build.0 = Debug|Any CPU
		{29B7AA2C-7E72-4706-B5D2-532E91D45D4F}.Release|Any CPU.ActiveCfg = Release|Any CPU
		{29B7AA2C-7E72-4706-B5D2-532E91D45D4F}.Release|Any CPU.Build.0 = Release|Any CPU
		{158B3E72-6A2B-4CA5-9C0E-FDF1FBC27A54}.Debug|Any CPU.ActiveCfg = Debug|Any CPU
		{158B3E72-6A2B-4CA5-9C0E-FDF1FBC27A54}.Debug|Any CPU.Build.0 = Debug|Any CPU
		{158B3E72-6A2B-4CA5-9C0E-FDF1FBC27A54}.Release|Any CPU.ActiveCfg = Release|Any CPU
		{158B3E72-6A2B-4CA5-9C0E-FDF1FBC27A54}.Release|Any CPU.Build.0 = Release|Any CPU
	EndGlobalSection
	GlobalSection(SolutionProperties) = preSolution
		HideSolutionNode = FALSE
	EndGlobalSection
	GlobalSection(ExtensibilityGlobals) = postSolution
		SolutionGuid = {B7D8695E-7781-4518-BAC9-47906D0338DE}
	EndGlobalSection
EndGlobal
